
Microsoft Visual Studio Solution File, Format Version 12.00
# Visual Studio Version 16
VisualStudioVersion = 16.0.31515.178
MinimumVisualStudioVersion = 10.0.40219.1
Project("{FAE04EC0-301F-11D3-BF4B-00C04F79EFBC}") = "Kirsty", "Kirsty\Kirsty.csproj", "{41BA15A4-CA12-48E6-A353-4D162DD1D797}"
EndProject
Global
	GlobalSection(SolutionConfigurationPlatforms) = preSolution
		Debug|Any CPU = Debug|Any CPU
		Release|Any CPU = Release|Any CPU
	EndGlobalSection
	GlobalSection(ProjectConfigurationPlatforms) = postSolution
		{41BA15A4-CA12-48E6-A353-4D162DD1D797}.Debug|Any CPU.ActiveCfg = Debug|Any CPU
		{41BA15A4-CA12-48E6-A353-4D162DD1D797}.Debug|Any CPU.Build.0 = Debug|Any CPU
		{41BA15A4-CA12-48E6-A353-4D162DD1D797}.Release|Any CPU.ActiveCfg = Release|Any CPU
		{41BA15A4-CA12-48E6-A353-4D162DD1D797}.Release|Any CPU.Build.0 = Release|Any CPU
	EndGlobalSection
	GlobalSection(SolutionProperties) = preSolution
		HideSolutionNode = FALSE
	EndGlobalSection
	GlobalSection(ExtensibilityGlobals) = postSolution
		SolutionGuid = {2D8FC87E-4C45-4193-AA9C-EA39A395AA35}
	EndGlobalSection
EndGlobal
